# This file is autogenerated, do not edit; changes may be undone by the next 'dep ensure'.


[[projects]]
  branch = "master"
  digest = "1:1a1ecfa7b54ca3f7a0115ab5c578d7d6a5d8b605839c549e80260468c42f8be7"
  name = "golang.org/x/net"
  packages = [
    "html",
    "html/atom",
  ]
  pruneopts = "UT"
  revision = "ed066c81e75eba56dd9bd2139ade88125b855585"

[[projects]]
  branch = "master"
  digest = "1:a95e73754766e08db1096c898b3b3df0249652c5faaedfefae26d75a4cee9795"
  name = "gopl.io"
  packages = ["ch5/links"]
  pruneopts = "UT"
  revision = "b725d6015f980e94734da37e35ba0d943fc7532f"

[solve-meta]
  analyzer-name = "dep"
  analyzer-version = 1
  input-imports = ["gopl.io/ch5/links"]
  solver-name = "gps-cdcl"
  solver-version = 1
